
Microsoft Visual Studio Solution File, Format Version 12.00
# Visual Studio Version 17
VisualStudioVersion = 17.4.33213.308
MinimumVisualStudioVersion = 10.0.40219.1
Project("{FAE04EC0-301F-11D3-BF4B-00C04F79EFBC}") = "c-sharp-apps-yaso-katamo", "c-sharp-apps-yaso-katamo\c-sharp-apps-yaso-katamo.csproj", "{EE1895F4-C8A1-46C0-9EF1-3BF900006A06}"
EndProject
Global
	GlobalSection(SolutionConfigurationPlatforms) = preSolution
		Debug|Any CPU = Debug|Any CPU
		Release|Any CPU = Release|Any CPU
	EndGlobalSection
	GlobalSection(ProjectConfigurationPlatforms) = postSolution
		{EE1895F4-C8A1-46C0-9EF1-3BF900006A06}.Debug|Any CPU.ActiveCfg = Debug|Any CPU
		{EE1895F4-C8A1-46C0-9EF1-3BF900006A06}.Debug|Any CPU.Build.0 = Debug|Any CPU
		{EE1895F4-C8A1-46C0-9EF1-3BF900006A06}.Release|Any CPU.ActiveCfg = Release|Any CPU
		{EE1895F4-C8A1-46C0-9EF1-3BF900006A06}.Release|Any CPU.Build.0 = Release|Any CPU
	EndGlobalSection
	GlobalSection(SolutionProperties) = preSolution
		HideSolutionNode = FALSE
	EndGlobalSection
	GlobalSection(ExtensibilityGlobals) = postSolution
		SolutionGuid = {13FAC221-B50A-4A49-9FBA-025C7E1EA47F}
	EndGlobalSection
EndGlobal
